
Microsoft Visual Studio Solution File, Format Version 12.00
# Visual Studio 14
VisualStudioVersion = 14.0.25420.1
MinimumVisualStudioVersion = 10.0.40219.1
Project("{2150E333-8FDC-42A3-9474-1A3956D46DE8}") = "Library", "Library", "{34782372-17E9-487C-AC2D-3194E90AD5CD}"
EndProject
Project("{D954291E-2A0B-460D-934E-DC6B0785DB48}") = "FAB.Shared", "Library\FloatingActionButton.Shared\FAB.Shared.shproj", "{A00F6278-A080-4987-8E4C-075B2A9A1B86}"
EndProject
Project("{FAE04EC0-301F-11D3-BF4B-00C04F79EFBC}") = "FAB.Droid", "Library\FloatingActionButton.Droid\FAB.Droid.csproj", "{49CE4944-F3EC-4241-9AC2-617F42624CFE}"
EndProject
Project("{FAE04EC0-301F-11D3-BF4B-00C04F79EFBC}") = "FAB.iOS", "Library\FloatingActionButton.iOS\FAB.iOS.csproj", "{0FBA612E-7558-4303-8798-ACBF92A82BA0}"
EndProject
Project("{2150E333-8FDC-42A3-9474-1A3956D46DE8}") = "Sample", "Sample", "{85EBA5F6-C0BD-4757-8F8C-3D268181F5A6}"
EndProject
Project("{FAE04EC0-301F-11D3-BF4B-00C04F79EFBC}") = "FABSample.iOS", "Sample\iOS\FABSample.iOS.csproj", "{694AB4E4-4444-4AB9-ADFF-C37BAB48072E}"
EndProject
Project("{FAE04EC0-301F-11D3-BF4B-00C04F79EFBC}") = "FABSample.Droid", "Sample\Droid\FABSample.Droid.csproj", "{FEB016FC-294D-46AF-BF9D-5C1CD0C45B1D}"
EndProject
Project("{2150E333-8FDC-42A3-9474-1A3956D46DE8}") = ".nuget", ".nuget", "{35E2C1F3-C97D-47E2-8C5A-6D94D9E8F942}"
	ProjectSection(SolutionItems) = preProject
		FloatingActionButton.Forms.nuspec = FloatingActionButton.Forms.nuspec
	EndProjectSection
EndProject
Project("{FAE04EC0-301F-11D3-BF4B-00C04F79EFBC}") = "FAB.Forms", "Library\FloatingActionButton.Forms\FAB.Forms.csproj", "{1DF89441-FDD9-45E0-A673-7314C3C557DA}"
EndProject
Project("{FAE04EC0-301F-11D3-BF4B-00C04F79EFBC}") = "FABSample", "Sample\FABSample\FABSample.csproj", "{CA9B87D4-0AF4-4253-B080-17F4B9CD5068}"
EndProject
Global
	GlobalSection(SharedMSBuildProjectFiles) = preSolution
		Library\FloatingActionButton.Shared\FloatingActionButton.Shared.projitems*{0fba612e-7558-4303-8798-acbf92a82ba0}*SharedItemsImports = 4
		Library\FloatingActionButton.Shared\FloatingActionButton.Shared.projitems*{49ce4944-f3ec-4241-9ac2-617f42624cfe}*SharedItemsImports = 4
		Library\FloatingActionButton.Shared\FloatingActionButton.Shared.projitems*{a00f6278-a080-4987-8e4c-075b2a9a1b86}*SharedItemsImports = 13
	EndGlobalSection
	GlobalSection(SolutionConfigurationPlatforms) = preSolution
		Debug|Any CPU = Debug|Any CPU
		Debug|iPhone = Debug|iPhone
		Debug|iPhoneSimulator = Debug|iPhoneSimulator
		Release|Any CPU = Release|Any CPU
		Release|iPhone = Release|iPhone
		Release|iPhoneSimulator = Release|iPhoneSimulator
		nuget = Release
		nuget|Any CPU = nuget|Any CPU
	EndGlobalSection
	GlobalSection(ProjectConfigurationPlatforms) = postSolution
		{49CE4944-F3EC-4241-9AC2-617F42624CFE}.Debug|Any CPU.ActiveCfg = Debug|Any CPU
		{49CE4944-F3EC-4241-9AC2-617F42624CFE}.Debug|Any CPU.Build.0 = Debug|Any CPU
		{49CE4944-F3EC-4241-9AC2-617F42624CFE}.Debug|iPhone.ActiveCfg = Debug|Any CPU
		{49CE4944-F3EC-4241-9AC2-617F42624CFE}.Debug|iPhoneSimulator.ActiveCfg = Debug|Any CPU
		{49CE4944-F3EC-4241-9AC2-617F42624CFE}.Release|Any CPU.ActiveCfg = Release|Any CPU
		{49CE4944-F3EC-4241-9AC2-617F42624CFE}.Release|Any CPU.Build.0 = Release|Any CPU
		{49CE4944-F3EC-4241-9AC2-617F42624CFE}.Release|iPhone.ActiveCfg = Release|Any CPU
		{49CE4944-F3EC-4241-9AC2-617F42624CFE}.Release|iPhoneSimulator.ActiveCfg = Release|Any CPU
		{49CE4944-F3EC-4241-9AC2-617F42624CFE}.nuget|Any CPU.ActiveCfg = Release|Any CPU
		{49CE4944-F3EC-4241-9AC2-617F42624CFE}.nuget|Any CPU.Build.0 = Release|Any CPU
		{0FBA612E-7558-4303-8798-ACBF92A82BA0}.Debug|Any CPU.ActiveCfg = Debug|Any CPU
		{0FBA612E-7558-4303-8798-ACBF92A82BA0}.Debug|Any CPU.Build.0 = Debug|Any CPU
		{0FBA612E-7558-4303-8798-ACBF92A82BA0}.Debug|iPhone.ActiveCfg = Debug|Any CPU
		{0FBA612E-7558-4303-8798-ACBF92A82BA0}.Debug|iPhone.Build.0 = Debug|Any CPU
		{0FBA612E-7558-4303-8798-ACBF92A82BA0}.Debug|iPhoneSimulator.ActiveCfg = Debug|Any CPU
		{0FBA612E-7558-4303-8798-ACBF92A82BA0}.Debug|iPhoneSimulator.Build.0 = Debug|Any CPU
		{0FBA612E-7558-4303-8798-ACBF92A82BA0}.Release|Any CPU.ActiveCfg = Release|Any CPU
		{0FBA612E-7558-4303-8798-ACBF92A82BA0}.Release|Any CPU.Build.0 = Release|Any CPU
		{0FBA612E-7558-4303-8798-ACBF92A82BA0}.Release|iPhone.ActiveCfg = Release|Any CPU
		{0FBA612E-7558-4303-8798-ACBF92A82BA0}.Release|iPhone.Build.0 = Release|Any CPU
		{0FBA612E-7558-4303-8798-ACBF92A82BA0}.Release|iPhoneSimulator.ActiveCfg = Release|Any CPU
		{0FBA612E-7558-4303-8798-ACBF92A82BA0}.Release|iPhoneSimulator.Build.0 = Release|Any CPU
		{0FBA612E-7558-4303-8798-ACBF92A82BA0}.nuget|Any CPU.ActiveCfg = Release|Any CPU
		{0FBA612E-7558-4303-8798-ACBF92A82BA0}.nuget|Any CPU.Build.0 = Release|Any CPU
		{694AB4E4-4444-4AB9-ADFF-C37BAB48072E}.Debug|Any CPU.ActiveCfg = Debug|iPhoneSimulator
		{694AB4E4-4444-4AB9-ADFF-C37BAB48072E}.Debug|Any CPU.Build.0 = Debug|iPhoneSimulator
		{694AB4E4-4444-4AB9-ADFF-C37BAB48072E}.Debug|iPhone.ActiveCfg = Debug|iPhone
		{694AB4E4-4444-4AB9-ADFF-C37BAB48072E}.Debug|iPhone.Build.0 = Debug|iPhone
		{694AB4E4-4444-4AB9-ADFF-C37BAB48072E}.Debug|iPhoneSimulator.ActiveCfg = Debug|iPhoneSimulator
		{694AB4E4-4444-4AB9-ADFF-C37BAB48072E}.Debug|iPhoneSimulator.Build.0 = Debug|iPhoneSimulator
		{694AB4E4-4444-4AB9-ADFF-C37BAB48072E}.Release|Any CPU.ActiveCfg = Debug|iPhoneSimulator
		{694AB4E4-4444-4AB9-ADFF-C37BAB48072E}.Release|Any CPU.Build.0 = Debug|iPhoneSimulator
		{694AB4E4-4444-4AB9-ADFF-C37BAB48072E}.Release|iPhone.ActiveCfg = Release|iPhone
		{694AB4E4-4444-4AB9-ADFF-C37BAB48072E}.Release|iPhone.Build.0 = Release|iPhone
		{694AB4E4-4444-4AB9-ADFF-C37BAB48072E}.Release|iPhoneSimulator.ActiveCfg = Release|iPhoneSimulator
		{694AB4E4-4444-4AB9-ADFF-C37BAB48072E}.Release|iPhoneSimulator.Build.0 = Release|iPhoneSimulator
		{FEB016FC-294D-46AF-BF9D-5C1CD0C45B1D}.Debug|Any CPU.ActiveCfg = Debug|Any CPU
		{FEB016FC-294D-46AF-BF9D-5C1CD0C45B1D}.Debug|Any CPU.Build.0 = Debug|Any CPU
		{FEB016FC-294D-46AF-BF9D-5C1CD0C45B1D}.Debug|iPhone.ActiveCfg = Debug|Any CPU
		{FEB016FC-294D-46AF-BF9D-5C1CD0C45B1D}.Debug|iPhoneSimulator.ActiveCfg = Debug|Any CPU
		{FEB016FC-294D-46AF-BF9D-5C1CD0C45B1D}.Release|Any CPU.ActiveCfg = Release|Any CPU
		{FEB016FC-294D-46AF-BF9D-5C1CD0C45B1D}.Release|Any CPU.Build.0 = Release|Any CPU
		{FEB016FC-294D-46AF-BF9D-5C1CD0C45B1D}.Release|iPhone.ActiveCfg = Release|Any CPU
		{FEB016FC-294D-46AF-BF9D-5C1CD0C45B1D}.Release|iPhoneSimulator.ActiveCfg = Release|Any CPU
		{1DF89441-FDD9-45E0-A673-7314C3C557DA}.Debug|Any CPU.ActiveCfg = Debug|Any CPU
		{1DF89441-FDD9-45E0-A673-7314C3C557DA}.Debug|Any CPU.Build.0 = Debug|Any CPU
		{1DF89441-FDD9-45E0-A673-7314C3C557DA}.Debug|iPhone.ActiveCfg = Debug|Any CPU
		{1DF89441-FDD9-45E0-A673-7314C3C557DA}.Debug|iPhone.Build.0 = Debug|Any CPU
		{1DF89441-FDD9-45E0-A673-7314C3C557DA}.Debug|iPhoneSimulator.ActiveCfg = Debug|Any CPU
		{1DF89441-FDD9-45E0-A673-7314C3C557DA}.Debug|iPhoneSimulator.Build.0 = Debug|Any CPU
		{1DF89441-FDD9-45E0-A673-7314C3C557DA}.Release|Any CPU.ActiveCfg = Release|Any CPU
		{1DF89441-FDD9-45E0-A673-7314C3C557DA}.Release|Any CPU.Build.0 = Release|Any CPU
		{1DF89441-FDD9-45E0-A673-7314C3C557DA}.Release|iPhone.ActiveCfg = Release|Any CPU
		{1DF89441-FDD9-45E0-A673-7314C3C557DA}.Release|iPhone.Build.0 = Release|Any CPU
		{1DF89441-FDD9-45E0-A673-7314C3C557DA}.Release|iPhoneSimulator.ActiveCfg = Release|Any CPU
		{1DF89441-FDD9-45E0-A673-7314C3C557DA}.Release|iPhoneSimulator.Build.0 = Release|Any CPU
		{1DF89441-FDD9-45E0-A673-7314C3C557DA}.nuget|Any CPU.ActiveCfg = Release|Any CPU
		{1DF89441-FDD9-45E0-A673-7314C3C557DA}.nuget|Any CPU.Build.0 = Release|Any CPU
		{CA9B87D4-0AF4-4253-B080-17F4B9CD5068}.Debug|Any CPU.ActiveCfg = Debug|Any CPU
		{CA9B87D4-0AF4-4253-B080-17F4B9CD5068}.Debug|Any CPU.Build.0 = Debug|Any CPU
		{CA9B87D4-0AF4-4253-B080-17F4B9CD5068}.Debug|iPhone.ActiveCfg = Debug|Any CPU
		{CA9B87D4-0AF4-4253-B080-17F4B9CD5068}.Debug|iPhone.Build.0 = Debug|Any CPU
		{CA9B87D4-0AF4-4253-B080-17F4B9CD5068}.Debug|iPhoneSimulator.ActiveCfg = Debug|Any CPU
		{CA9B87D4-0AF4-4253-B080-17F4B9CD5068}.Debug|iPhoneSimulator.Build.0 = Debug|Any CPU
		{CA9B87D4-0AF4-4253-B080-17F4B9CD5068}.Release|Any CPU.ActiveCfg = Release|Any CPU
		{CA9B87D4-0AF4-4253-B080-17F4B9CD5068}.Release|Any CPU.Build.0 = Release|Any CPU
		{CA9B87D4-0AF4-4253-B080-17F4B9CD5068}.Release|iPhone.ActiveCfg = Release|Any CPU
		{CA9B87D4-0AF4-4253-B080-17F4B9CD5068}.Release|iPhone.Build.0 = Release|Any CPU
		{CA9B87D4-0AF4-4253-B080-17F4B9CD5068}.Release|iPhoneSimulator.ActiveCfg = Release|Any CPU
		{CA9B87D4-0AF4-4253-B080-17F4B9CD5068}.Release|iPhoneSimulator.Build.0 = Release|Any CPU
		{CA9B87D4-0AF4-4253-B080-17F4B9CD5068}.nuget|Any CPU.ActiveCfg = Release|Any CPU
		{CA9B87D4-0AF4-4253-B080-17F4B9CD5068}.nuget|Any CPU.Build.0 = Release|Any CPU
	EndGlobalSection
	GlobalSection(SolutionProperties) = preSolution
		HideSolutionNode = FALSE
	EndGlobalSection
	GlobalSection(NestedProjects) = preSolution
		{A00F6278-A080-4987-8E4C-075B2A9A1B86} = {34782372-17E9-487C-AC2D-3194E90AD5CD}
		{49CE4944-F3EC-4241-9AC2-617F42624CFE} = {34782372-17E9-487C-AC2D-3194E90AD5CD}
		{0FBA612E-7558-4303-8798-ACBF92A82BA0} = {34782372-17E9-487C-AC2D-3194E90AD5CD}
		{694AB4E4-4444-4AB9-ADFF-C37BAB48072E} = {85EBA5F6-C0BD-4757-8F8C-3D268181F5A6}
		{FEB016FC-294D-46AF-BF9D-5C1CD0C45B1D} = {85EBA5F6-C0BD-4757-8F8C-3D268181F5A6}
		{1DF89441-FDD9-45E0-A673-7314C3C557DA} = {34782372-17E9-487C-AC2D-3194E90AD5CD}
		{CA9B87D4-0AF4-4253-B080-17F4B9CD5068} = {85EBA5F6-C0BD-4757-8F8C-3D268181F5A6}
	EndGlobalSection
EndGlobal
